
Microsoft Visual Studio Solution File, Format Version 12.00
# Visual Studio Version 17
VisualStudioVersion = 17.0.31912.275
MinimumVisualStudioVersion = 10.0.40219.1
Project("{FAE04EC0-301F-11D3-BF4B-00C04F79EFBC}") = "FluentAPIDemo", "FluentAPIDemo\FluentAPIDemo.csproj", "{D9C74E2D-B1E7-4548-900E-ACE2A70FBE9A}"
EndProject
Global
	GlobalSection(SolutionConfigurationPlatforms) = preSolution
		Debug|Any CPU = Debug|Any CPU
		Release|Any CPU = Release|Any CPU
	EndGlobalSection
	GlobalSection(ProjectConfigurationPlatforms) = postSolution
		{D9C74E2D-B1E7-4548-900E-ACE2A70FBE9A}.Debug|Any CPU.ActiveCfg = Debug|Any CPU
		{D9C74E2D-B1E7-4548-900E-ACE2A70FBE9A}.Debug|Any CPU.Build.0 = Debug|Any CPU
		{D9C74E2D-B1E7-4548-900E-ACE2A70FBE9A}.Release|Any CPU.ActiveCfg = Release|Any CPU
		{D9C74E2D-B1E7-4548-900E-ACE2A70FBE9A}.Release|Any CPU.Build.0 = Release|Any CPU
	EndGlobalSection
	GlobalSection(SolutionProperties) = preSolution
		HideSolutionNode = FALSE
	EndGlobalSection
	GlobalSection(ExtensibilityGlobals) = postSolution
		SolutionGuid = {3B9D9282-A566-4360-A1D5-4E7552C9030B}
	EndGlobalSection
EndGlobal
